
Microsoft Visual Studio Solution File, Format Version 12.00
# Visual Studio 15
Project("{FAE04EC0-301F-11D3-BF4B-00C04F79EFBC}") = "Assembly-CSharp", "Assembly-CSharp.csproj", "{7913398C-D7E4-13EA-D7EB-1C9A471732E2}"
EndProject
Project("{FAE04EC0-301F-11D3-BF4B-00C04F79EFBC}") = "Assembly-CSharp-firstpass", "Assembly-CSharp-firstpass.csproj", "{6470EE62-E91C-6D08-8A4E-D560F689CB3F}"
EndProject
Project("{FAE04EC0-301F-11D3-BF4B-00C04F79EFBC}") = "DamageNumbersPro", "DamageNumbersPro.csproj", "{170A0355-71E2-7FD2-7EBA-D3FBDB9F2BC4}"
EndProject
Project("{FAE04EC0-301F-11D3-BF4B-00C04F79EFBC}") = "Assembly-CSharp-Editor-firstpass", "Assembly-CSharp-Editor-firstpass.csproj", "{58F42413-A7EB-E70C-056B-1458BBA27B85}"
EndProject
Project("{FAE04EC0-301F-11D3-BF4B-00C04F79EFBC}") = "Assembly-CSharp-Editor", "Assembly-CSharp-Editor.csproj", "{B5B12C77-5CA6-48C6-DE01-80A09A5681A6}"
EndProject
Global
	GlobalSection(SolutionConfigurationPlatforms) = preSolution
		Debug|Any CPU = Debug|Any CPU
		Release|Any CPU = Release|Any CPU
	EndGlobalSection
	GlobalSection(ProjectConfigurationPlatforms) = postSolution
		{7913398C-D7E4-13EA-D7EB-1C9A471732E2}.Debug|Any CPU.ActiveCfg = Debug|Any CPU
		{7913398C-D7E4-13EA-D7EB-1C9A471732E2}.Debug|Any CPU.Build.0 = Debug|Any CPU
		{7913398C-D7E4-13EA-D7EB-1C9A471732E2}.Release|Any CPU.ActiveCfg = Release|Any CPU
		{7913398C-D7E4-13EA-D7EB-1C9A471732E2}.Release|Any CPU.Build.0 = Release|Any CPU
		{6470EE62-E91C-6D08-8A4E-D560F689CB3F}.Debug|Any CPU.ActiveCfg = Debug|Any CPU
		{6470EE62-E91C-6D08-8A4E-D560F689CB3F}.Debug|Any CPU.Build.0 = Debug|Any CPU
		{6470EE62-E91C-6D08-8A4E-D560F689CB3F}.Release|Any CPU.ActiveCfg = Release|Any CPU
		{6470EE62-E91C-6D08-8A4E-D560F689CB3F}.Release|Any CPU.Build.0 = Release|Any CPU
		{170A0355-71E2-7FD2-7EBA-D3FBDB9F2BC4}.Debug|Any CPU.ActiveCfg = Debug|Any CPU
		{170A0355-71E2-7FD2-7EBA-D3FBDB9F2BC4}.Debug|Any CPU.Build.0 = Debug|Any CPU
		{170A0355-71E2-7FD2-7EBA-D3FBDB9F2BC4}.Release|Any CPU.ActiveCfg = Release|Any CPU
		{170A0355-71E2-7FD2-7EBA-D3FBDB9F2BC4}.Release|Any CPU.Build.0 = Release|Any CPU
		{58F42413-A7EB-E70C-056B-1458BBA27B85}.Debug|Any CPU.ActiveCfg = Debug|Any CPU
		{58F42413-A7EB-E70C-056B-1458BBA27B85}.Debug|Any CPU.Build.0 = Debug|Any CPU
		{58F42413-A7EB-E70C-056B-1458BBA27B85}.Release|Any CPU.ActiveCfg = Release|Any CPU
		{58F42413-A7EB-E70C-056B-1458BBA27B85}.Release|Any CPU.Build.0 = Release|Any CPU
		{B5B12C77-5CA6-48C6-DE01-80A09A5681A6}.Debug|Any CPU.ActiveCfg = Debug|Any CPU
		{B5B12C77-5CA6-48C6-DE01-80A09A5681A6}.Debug|Any CPU.Build.0 = Debug|Any CPU
		{B5B12C77-5CA6-48C6-DE01-80A09A5681A6}.Release|Any CPU.ActiveCfg = Release|Any CPU
		{B5B12C77-5CA6-48C6-DE01-80A09A5681A6}.Release|Any CPU.Build.0 = Release|Any CPU
	EndGlobalSection
	GlobalSection(SolutionProperties) = preSolution
		HideSolutionNode = FALSE
	EndGlobalSection
EndGlobal
