
Microsoft Visual Studio Solution File, Format Version 12.00
# Visual Studio 15
Project("{FAE04EC0-301F-11D3-BF4B-00C04F79EFBC}") = "Assembly-CSharp", "Assembly-CSharp.csproj", "{2C931AFB-BD1A-509A-85DC-5A8DCE5D510A}"
EndProject
Project("{FAE04EC0-301F-11D3-BF4B-00C04F79EFBC}") = "Assembly-CSharp-firstpass", "Assembly-CSharp-firstpass.csproj", "{15D8507B-178A-E773-3A76-8F3D043EBECD}"
EndProject
Project("{FAE04EC0-301F-11D3-BF4B-00C04F79EFBC}") = "DamageNumbersPro", "DamageNumbersPro.csproj", "{AC5613C3-5342-A53E-16A3-176766C89FA5}"
EndProject
Project("{FAE04EC0-301F-11D3-BF4B-00C04F79EFBC}") = "Assembly-CSharp-Editor-firstpass", "Assembly-CSharp-Editor-firstpass.csproj", "{51301979-2C91-8861-1A6D-A49F152E1D41}"
EndProject
Project("{FAE04EC0-301F-11D3-BF4B-00C04F79EFBC}") = "Assembly-CSharp-Editor", "Assembly-CSharp-Editor.csproj", "{C3771EE1-59D2-7489-3B64-EC4044A721CF}"
EndProject
Global
	GlobalSection(SolutionConfigurationPlatforms) = preSolution
		Debug|Any CPU = Debug|Any CPU
		Release|Any CPU = Release|Any CPU
	EndGlobalSection
	GlobalSection(ProjectConfigurationPlatforms) = postSolution
		{2C931AFB-BD1A-509A-85DC-5A8DCE5D510A}.Debug|Any CPU.ActiveCfg = Debug|Any CPU
		{2C931AFB-BD1A-509A-85DC-5A8DCE5D510A}.Debug|Any CPU.Build.0 = Debug|Any CPU
		{2C931AFB-BD1A-509A-85DC-5A8DCE5D510A}.Release|Any CPU.ActiveCfg = Release|Any CPU
		{2C931AFB-BD1A-509A-85DC-5A8DCE5D510A}.Release|Any CPU.Build.0 = Release|Any CPU
		{15D8507B-178A-E773-3A76-8F3D043EBECD}.Debug|Any CPU.ActiveCfg = Debug|Any CPU
		{15D8507B-178A-E773-3A76-8F3D043EBECD}.Debug|Any CPU.Build.0 = Debug|Any CPU
		{15D8507B-178A-E773-3A76-8F3D043EBECD}.Release|Any CPU.ActiveCfg = Release|Any CPU
		{15D8507B-178A-E773-3A76-8F3D043EBECD}.Release|Any CPU.Build.0 = Release|Any CPU
		{AC5613C3-5342-A53E-16A3-176766C89FA5}.Debug|Any CPU.ActiveCfg = Debug|Any CPU
		{AC5613C3-5342-A53E-16A3-176766C89FA5}.Debug|Any CPU.Build.0 = Debug|Any CPU
		{AC5613C3-5342-A53E-16A3-176766C89FA5}.Release|Any CPU.ActiveCfg = Release|Any CPU
		{AC5613C3-5342-A53E-16A3-176766C89FA5}.Release|Any CPU.Build.0 = Release|Any CPU
		{51301979-2C91-8861-1A6D-A49F152E1D41}.Debug|Any CPU.ActiveCfg = Debug|Any CPU
		{51301979-2C91-8861-1A6D-A49F152E1D41}.Debug|Any CPU.Build.0 = Debug|Any CPU
		{51301979-2C91-8861-1A6D-A49F152E1D41}.Release|Any CPU.ActiveCfg = Release|Any CPU
		{51301979-2C91-8861-1A6D-A49F152E1D41}.Release|Any CPU.Build.0 = Release|Any CPU
		{C3771EE1-59D2-7489-3B64-EC4044A721CF}.Debug|Any CPU.ActiveCfg = Debug|Any CPU
		{C3771EE1-59D2-7489-3B64-EC4044A721CF}.Debug|Any CPU.Build.0 = Debug|Any CPU
		{C3771EE1-59D2-7489-3B64-EC4044A721CF}.Release|Any CPU.ActiveCfg = Release|Any CPU
		{C3771EE1-59D2-7489-3B64-EC4044A721CF}.Release|Any CPU.Build.0 = Release|Any CPU
	EndGlobalSection
	GlobalSection(SolutionProperties) = preSolution
		HideSolutionNode = FALSE
	EndGlobalSection
EndGlobal
