
Microsoft Visual Studio Solution File, Format Version 12.00
# Visual Studio 15
Project("{FAE04EC0-301F-11D3-BF4B-00C04F79EFBC}") = "Assembly-CSharp", "Assembly-CSharp.csproj", "{CA4C8F72-6EC9-016F-61E7-BDC3F95A1D4B}"
EndProject
Project("{FAE04EC0-301F-11D3-BF4B-00C04F79EFBC}") = "Assembly-CSharp-firstpass", "Assembly-CSharp-firstpass.csproj", "{4454A1BC-093F-C228-A306-80DD16C7711F}"
EndProject
Project("{FAE04EC0-301F-11D3-BF4B-00C04F79EFBC}") = "DamageNumbersPro", "DamageNumbersPro.csproj", "{094902C0-0D05-9389-5B39-69FD61B7F752}"
EndProject
Project("{FAE04EC0-301F-11D3-BF4B-00C04F79EFBC}") = "Assembly-CSharp-Editor-firstpass", "Assembly-CSharp-Editor-firstpass.csproj", "{BF602B5D-D51C-5E75-361C-098FE535F34A}"
EndProject
Project("{FAE04EC0-301F-11D3-BF4B-00C04F79EFBC}") = "Assembly-CSharp-Editor", "Assembly-CSharp-Editor.csproj", "{579D40BC-BF4B-6501-263C-188AC4364F6F}"
EndProject
Global
	GlobalSection(SolutionConfigurationPlatforms) = preSolution
		Debug|Any CPU = Debug|Any CPU
		Release|Any CPU = Release|Any CPU
	EndGlobalSection
	GlobalSection(ProjectConfigurationPlatforms) = postSolution
		{CA4C8F72-6EC9-016F-61E7-BDC3F95A1D4B}.Debug|Any CPU.ActiveCfg = Debug|Any CPU
		{CA4C8F72-6EC9-016F-61E7-BDC3F95A1D4B}.Debug|Any CPU.Build.0 = Debug|Any CPU
		{CA4C8F72-6EC9-016F-61E7-BDC3F95A1D4B}.Release|Any CPU.ActiveCfg = Release|Any CPU
		{CA4C8F72-6EC9-016F-61E7-BDC3F95A1D4B}.Release|Any CPU.Build.0 = Release|Any CPU
		{4454A1BC-093F-C228-A306-80DD16C7711F}.Debug|Any CPU.ActiveCfg = Debug|Any CPU
		{4454A1BC-093F-C228-A306-80DD16C7711F}.Debug|Any CPU.Build.0 = Debug|Any CPU
		{4454A1BC-093F-C228-A306-80DD16C7711F}.Release|Any CPU.ActiveCfg = Release|Any CPU
		{4454A1BC-093F-C228-A306-80DD16C7711F}.Release|Any CPU.Build.0 = Release|Any CPU
		{094902C0-0D05-9389-5B39-69FD61B7F752}.Debug|Any CPU.ActiveCfg = Debug|Any CPU
		{094902C0-0D05-9389-5B39-69FD61B7F752}.Debug|Any CPU.Build.0 = Debug|Any CPU
		{094902C0-0D05-9389-5B39-69FD61B7F752}.Release|Any CPU.ActiveCfg = Release|Any CPU
		{094902C0-0D05-9389-5B39-69FD61B7F752}.Release|Any CPU.Build.0 = Release|Any CPU
		{BF602B5D-D51C-5E75-361C-098FE535F34A}.Debug|Any CPU.ActiveCfg = Debug|Any CPU
		{BF602B5D-D51C-5E75-361C-098FE535F34A}.Debug|Any CPU.Build.0 = Debug|Any CPU
		{BF602B5D-D51C-5E75-361C-098FE535F34A}.Release|Any CPU.ActiveCfg = Release|Any CPU
		{BF602B5D-D51C-5E75-361C-098FE535F34A}.Release|Any CPU.Build.0 = Release|Any CPU
		{579D40BC-BF4B-6501-263C-188AC4364F6F}.Debug|Any CPU.ActiveCfg = Debug|Any CPU
		{579D40BC-BF4B-6501-263C-188AC4364F6F}.Debug|Any CPU.Build.0 = Debug|Any CPU
		{579D40BC-BF4B-6501-263C-188AC4364F6F}.Release|Any CPU.ActiveCfg = Release|Any CPU
		{579D40BC-BF4B-6501-263C-188AC4364F6F}.Release|Any CPU.Build.0 = Release|Any CPU
	EndGlobalSection
	GlobalSection(SolutionProperties) = preSolution
		HideSolutionNode = FALSE
	EndGlobalSection
EndGlobal
