
Microsoft Visual Studio Solution File, Format Version 11.00
# Visual Studio 2010
Project("{FAE04EC0-301F-11D3-BF4B-00C04F79EFBC}") = "Assembly-CSharp", "Assembly-CSharp.csproj", "{DD410B3D-3C63-853F-9A14-83AAA220CA23}"
EndProject
Project("{FAE04EC0-301F-11D3-BF4B-00C04F79EFBC}") = "Assembly-CSharp-Editor", "Assembly-CSharp-Editor.csproj", "{DE413C61-FADC-6B5B-8F4C-430D88AAD46B}"
EndProject
Global
	GlobalSection(SolutionConfigurationPlatforms) = preSolution
		Debug|Any CPU = Debug|Any CPU
		Release|Any CPU = Release|Any CPU
	EndGlobalSection
	GlobalSection(ProjectConfigurationPlatforms) = postSolution
		{DD410B3D-3C63-853F-9A14-83AAA220CA23}.Debug|Any CPU.ActiveCfg = Debug|Any CPU
		{DD410B3D-3C63-853F-9A14-83AAA220CA23}.Debug|Any CPU.Build.0 = Debug|Any CPU
		{DD410B3D-3C63-853F-9A14-83AAA220CA23}.Release|Any CPU.ActiveCfg = Release|Any CPU
		{DD410B3D-3C63-853F-9A14-83AAA220CA23}.Release|Any CPU.Build.0 = Release|Any CPU
		{DE413C61-FADC-6B5B-8F4C-430D88AAD46B}.Debug|Any CPU.ActiveCfg = Debug|Any CPU
		{DE413C61-FADC-6B5B-8F4C-430D88AAD46B}.Debug|Any CPU.Build.0 = Debug|Any CPU
		{DE413C61-FADC-6B5B-8F4C-430D88AAD46B}.Release|Any CPU.ActiveCfg = Release|Any CPU
		{DE413C61-FADC-6B5B-8F4C-430D88AAD46B}.Release|Any CPU.Build.0 = Release|Any CPU
	EndGlobalSection
	GlobalSection(SolutionProperties) = preSolution
		HideSolutionNode = FALSE
	EndGlobalSection
EndGlobal
